
Microsoft Visual Studio Solution File, Format Version 12.00
# Visual Studio 15
VisualStudioVersion = 15.0.28307.271
MinimumVisualStudioVersion = 10.0.40219.1
Project("{FAE04EC0-301F-11D3-BF4B-00C04F79EFBC}") = "CGClasses", "CGClasses\CGClasses.csproj", "{9C881967-6576-4A82-87C0-2FDC3E4BDA60}"
EndProject
Project("{FAE04EC0-301F-11D3-BF4B-00C04F79EFBC}") = "CGClasses.Tests", "CGClasses.Tests\CGClasses.Tests.csproj", "{983F8877-5B83-4BDB-8056-D7871CBA2805}"
EndProject
Global
	GlobalSection(SolutionConfigurationPlatforms) = preSolution
		Debug|Any CPU = Debug|Any CPU
		Release|Any CPU = Release|Any CPU
	EndGlobalSection
	GlobalSection(ProjectConfigurationPlatforms) = postSolution
		{9C881967-6576-4A82-87C0-2FDC3E4BDA60}.Debug|Any CPU.ActiveCfg = Debug|Any CPU
		{9C881967-6576-4A82-87C0-2FDC3E4BDA60}.Debug|Any CPU.Build.0 = Debug|Any CPU
		{9C881967-6576-4A82-87C0-2FDC3E4BDA60}.Release|Any CPU.ActiveCfg = Release|Any CPU
		{9C881967-6576-4A82-87C0-2FDC3E4BDA60}.Release|Any CPU.Build.0 = Release|Any CPU
		{983F8877-5B83-4BDB-8056-D7871CBA2805}.Debug|Any CPU.ActiveCfg = Debug|Any CPU
		{983F8877-5B83-4BDB-8056-D7871CBA2805}.Debug|Any CPU.Build.0 = Debug|Any CPU
		{983F8877-5B83-4BDB-8056-D7871CBA2805}.Release|Any CPU.ActiveCfg = Release|Any CPU
		{983F8877-5B83-4BDB-8056-D7871CBA2805}.Release|Any CPU.Build.0 = Release|Any CPU
	EndGlobalSection
	GlobalSection(SolutionProperties) = preSolution
		HideSolutionNode = FALSE
	EndGlobalSection
	GlobalSection(ExtensibilityGlobals) = postSolution
		SolutionGuid = {8E2BE15E-63B3-4AFA-BDB9-1BF10BCBB680}
	EndGlobalSection
EndGlobal
